// !$*UTF8*$!
{
	archiveVersion = 1;
	classes = {
	};
	objectVersion = 46;
	objects = {

/* Begin PBXBuildFile section */
		55C84E5E1F2F93E2008F2B05 /* main.m in Sources */ = {isa = PBXBuildFile; fileRef = 55C84E5D1F2F93E2008F2B05 /* main.m */; };
		55C84E611F2F93E2008F2B05 /* AppDelegate.m in Sources */ = {isa = PBXBuildFile; fileRef = 55C84E601F2F93E2008F2B05 /* AppDelegate.m */; };
		55C84E641F2F93E2008F2B05 /* ViewController.m in Sources */ = {isa = PBXBuildFile; fileRef = 55C84E631F2F93E2008F2B05 /* ViewController.m */; };
		55C84E671F2F93E2008F2B05 /* Main.storyboard in Resources */ = {isa = PBXBuildFile; fileRef = 55C84E651F2F93E2008F2B05 /* Main.storyboard */; };
		55C84E691F2F93E2008F2B05 /* Assets.xcassets in Resources */ = {isa = PBXBuildFile; fileRef = 55C84E681F2F93E2008F2B05 /* Assets.xcassets */; };
		55C84E6C1F2F93E2008F2B05 /* LaunchScreen.storyboard in Resources */ = {isa = PBXBuildFile; fileRef = 55C84E6A1F2F93E2008F2B05 /* LaunchScreen.storyboard */; };
		55C84E771F2F93E2008F2B05 /* AppCuestionarioTests.m in Sources */ = {isa = PBXBuildFile; fileRef = 55C84E761F2F93E2008F2B05 /* AppCuestionarioTests.m */; };
		55C84E821F2F93E2008F2B05 /* AppCuestionarioUITests.m in Sources */ = {isa = PBXBuildFile; fileRef = 55C84E811F2F93E2008F2B05 /* AppCuestionarioUITests.m */; };
/* End PBXBuildFile section */

/* Begin PBXContainerItemProxy section */
		55C84E731F2F93E2008F2B05 /* PBXContainerItemProxy */ = {
			isa = PBXContainerItemProxy;
			containerPortal = 55C84E511F2F93E2008F2B05 /* Project object */;
			proxyType = 1;
			remoteGlobalIDString = 55C84E581F2F93E2008F2B05;
			remoteInfo = AppCuestionario;
		};
		55C84E7E1F2F93E2008F2B05 /* PBXContainerItemProxy */ = {
			isa = PBXContainerItemProxy;
			containerPortal = 55C84E511F2F93E2008F2B05 /* Project object */;
			proxyType = 1;
			remoteGlobalIDString = 55C84E581F2F93E2008F2B05;
			remoteInfo = AppCuestionario;
		};
/* End PBXContainerItemProxy section */

/* Begin PBXFileReference section */
		55C84E591F2F93E2008F2B05 /* AppCuestionario.app */ = {isa = PBXFileReference; explicitFileType = wrapper.application; includeInIndex = 0; path = AppCuestionario.app; sourceTree = BUILT_PRODUCTS_DIR; };
		55C84E5D1F2F93E2008F2B05 /* main.m */ = {isa = PBXFileReference; lastKnownFileType = sourcecode.c.objc; path = main.m; sourceTree = "<group>"; };
		55C84E5F1F2F93E2008F2B05 /* AppDelegate.h */ = {isa = PBXFileReference; lastKnownFileType = sourcecode.c.h; path = AppDelegate.h; sourceTree = "<group>"; };
		55C84E601F2F93E2008F2B05 /* AppDelegate.m */ = {isa = PBXFileReference; lastKnownFileType = sourcecode.c.objc; path = AppDelegate.m; sourceTree = "<group>"; };
		55C84E621F2F93E2008F2B05 /* ViewController.h */ = {isa = PBXFileReference; lastKnownFileType = sourcecode.c.h; path = ViewController.h; sourceTree = "<group>"; };
		55C84E631F2F93E2008F2B05 /* ViewController.m */ = {isa = PBXFileReference; lastKnownFileType = sourcecode.c.objc; path = ViewController.m; sourceTree = "<group>"; };
		55C84E661F2F93E2008F2B05 /* Base */ = {isa = PBXFileReference; lastKnownFileType = file.storyboard; name = Base; path = Base.lproj/Main.storyboard; sourceTree = "<group>"; };
		55C84E681F2F93E2008F2B05 /* Assets.xcassets */ = {isa = PBXFileReference; lastKnownFileType = folder.assetcatalog; path = Assets.xcassets; sourceTree = "<group>"; };
		55C84E6B1F2F93E2008F2B05 /* Base */ = {isa = PBXFileReference; lastKnownFileType = file.storyboard; name = Base; path = Base.lproj/LaunchScreen.storyboard; sourceTree = "<group>"; };
		55C84E6D1F2F93E2008F2B05 /* Info.plist */ = {isa = PBXFileReference; lastKnownFileType = text.plist.xml; path = Info.plist; sourceTree = "<group>"; };
		55C84E721F2F93E2008F2B05 /* AppCuestionarioTests.xctest */ = {isa = PBXFileReference; explicitFileType = wrapper.cfbundle; includeInIndex = 0; path = AppCuestionarioTests.xctest; sourceTree = BUILT_PRODUCTS_DIR; };
		55C84E761F2F93E2008F2B05 /* AppCuestionarioTests.m */ = {isa = PBXFileReference; lastKnownFileType = sourcecode.c.objc; path = AppCuestionarioTests.m; sourceTree = "<group>"; };
		55C84E781F2F93E2008F2B05 /* Info.plist */ = {isa = PBXFileReference; lastKnownFileType = text.plist.xml; path = Info.plist; sourceTree = "<group>"; };
		55C84E7D1F2F93E2008F2B05 /* AppCuestionarioUITests.xctest */ = {isa = PBXFileReference; explicitFileType = wrapper.cfbundle; includeInIndex = 0; path = AppCuestionarioUITests.xctest; sourceTree = BUILT_PRODUCTS_DIR; };
		55C84E811F2F93E2008F2B05 /* AppCuestionarioUITests.m */ = {isa = PBXFileReference; lastKnownFileType = sourcecode.c.objc; path = AppCuestionarioUITests.m; sourceTree = "<group>"; };
		55C84E831F2F93E2008F2B05 /* Info.plist */ = {isa = PBXFileReference; lastKnownFileType = text.plist.xml; path = Info.plist; sourceTree = "<group>"; };
/* End PBXFileReference section */

/* Begin PBXFrameworksBuildPhase section */
		55C84E561F2F93E2008F2B05 /* Frameworks */ = {
			isa = PBXFrameworksBuildPhase;
			buildActionMask = 2147483647;
			files = (
			);
			runOnlyForDeploymentPostprocessing = 0;
		};
		55C84E6F1F2F93E2008F2B05 /* Frameworks */ = {
			isa = PBXFrameworksBuildPhase;
			buildActionMask = 2147483647;
			files = (
			);
			runOnlyForDeploymentPostprocessing = 0;
		};
		55C84E7A1F2F93E2008F2B05 /* Frameworks */ = {
			isa = PBXFrameworksBuildPhase;
			buildActionMask = 2147483647;
			files = (
			);
			runOnlyForDeploymentPostprocessing = 0;
		};
/* End PBXFrameworksBuildPhase section */

/* Begin PBXGroup section */
		55C84E501F2F93E2008F2B05 = {
			isa = PBXGroup;
			children = (
				55C84E5B1F2F93E2008F2B05 /* AppCuestionario */,
				55C84E751F2F93E2008F2B05 /* AppCuestionarioTests */,
				55C84E801F2F93E2008F2B05 /* AppCuestionarioUITests */,
				55C84E5A1F2F93E2008F2B05 /* Products */,
			);
			sourceTree = "<group>";
		};
		55C84E5A1F2F93E2008F2B05 /* Products */ = {
			isa = PBXGroup;
			children = (
				55C84E591F2F93E2008F2B05 /* AppCuestionario.app */,
				55C84E721F2F93E2008F2B05 /* AppCuestionarioTests.xctest */,
				55C84E7D1F2F93E2008F2B05 /* AppCuestionarioUITests.xctest */,
			);
			name = Products;
			sourceTree = "<group>";
		};
		55C84E5B1F2F93E2008F2B05 /* AppCuestionario */ = {
			isa = PBXGroup;
			children = (
				55C84E5F1F2F93E2008F2B05 /* AppDelegate.h */,
				55C84E601F2F93E2008F2B05 /* AppDelegate.m */,
				55C84E621F2F93E2008F2B05 /* ViewController.h */,
				55C84E631F2F93E2008F2B05 /* ViewController.m */,
				55C84E651F2F93E2008F2B05 /* Main.storyboard */,
				55C84E681F2F93E2008F2B05 /* Assets.xcassets */,
				55C84E6A1F2F93E2008F2B05 /* LaunchScreen.storyboard */,
				55C84E6D1F2F93E2008F2B05 /* Info.plist */,
				55C84E5C1F2F93E2008F2B05 /* Supporting Files */,
			);
			path = AppCuestionario;
			sourceTree = "<group>";
		};
		55C84E5C1F2F93E2008F2B05 /* Supporting Files */ = {
			isa = PBXGroup;
			children = (
				55C84E5D1F2F93E2008F2B05 /* main.m */,
			);
			name = "Supporting Files";
			sourceTree = "<group>";
		};
		55C84E751F2F93E2008F2B05 /* AppCuestionarioTests */ = {
			isa = PBXGroup;
			children = (
				55C84E761F2F93E2008F2B05 /* AppCuestionarioTests.m */,
				55C84E781F2F93E2008F2B05 /* Info.plist */,
			);
			path = AppCuestionarioTests;
			sourceTree = "<group>";
		};
		55C84E801F2F93E2008F2B05 /* AppCuestionarioUITests */ = {
			isa = PBXGroup;
			children = (
				55C84E811F2F93E2008F2B05 /* AppCuestionarioUITests.m */,
				55C84E831F2F93E2008F2B05 /* Info.plist */,
			);
			path = AppCuestionarioUITests;
			sourceTree = "<group>";
		};
/* End PBXGroup section */

/* Begin PBXNativeTarget section */
		55C84E581F2F93E2008F2B05 /* AppCuestionario */ = {
			isa = PBXNativeTarget;
			buildConfigurationList = 55C84E861F2F93E2008F2B05 /* Build configuration list for PBXNativeTarget "AppCuestionario" */;
			buildPhases = (
				55C84E551F2F93E2008F2B05 /* Sources */,
				55C84E561F2F93E2008F2B05 /* Frameworks */,
				55C84E571F2F93E2008F2B05 /* Resources */,
			);
			buildRules = (
			);
			dependencies = (
			);
			name = AppCuestionario;
			productName = AppCuestionario;
			productReference = 55C84E591F2F93E2008F2B05 /* AppCuestionario.app */;
			productType = "com.apple.product-type.application";
		};
		55C84E711F2F93E2008F2B05 /* AppCuestionarioTests */ = {
			isa = PBXNativeTarget;
			buildConfigurationList = 55C84E891F2F93E2008F2B05 /* Build configuration list for PBXNativeTarget "AppCuestionarioTests" */;
			buildPhases = (
				55C84E6E1F2F93E2008F2B05 /* Sources */,
				55C84E6F1F2F93E2008F2B05 /* Frameworks */,
				55C84E701F2F93E2008F2B05 /* Resources */,
			);
			buildRules = (
			);
			dependencies = (
				55C84E741F2F93E2008F2B05 /* PBXTargetDependency */,
			);
			name = AppCuestionarioTests;
			productName = AppCuestionarioTests;
			productReference = 55C84E721F2F93E2008F2B05 /* AppCuestionarioTests.xctest */;
			productType = "com.apple.product-type.bundle.unit-test";
		};
		55C84E7C1F2F93E2008F2B05 /* AppCuestionarioUITests */ = {
			isa = PBXNativeTarget;
			buildConfigurationList = 55C84E8C1F2F93E2008F2B05 /* Build configuration list for PBXNativeTarget "AppCuestionarioUITests" */;
			buildPhases = (
				55C84E791F2F93E2008F2B05 /* Sources */,
				55C84E7A1F2F93E2008F2B05 /* Frameworks */,
				55C84E7B1F2F93E2008F2B05 /* Resources */,
			);
			buildRules = (
			);
			dependencies = (
				55C84E7F1F2F93E2008F2B05 /* PBXTargetDependency */,
			);
			name = AppCuestionarioUITests;
			productName = AppCuestionarioUITests;
			productReference = 55C84E7D1F2F93E2008F2B05 /* AppCuestionarioUITests.xctest */;
			productType = "com.apple.product-type.bundle.ui-testing";
		};
/* End PBXNativeTarget section */

/* Begin PBXProject section */
		55C84E511F2F93E2008F2B05 /* Project object */ = {
			isa = PBXProject;
			attributes = {
				LastUpgradeCheck = 0830;
				ORGANIZATIONNAME = "Marcos JRS";
				TargetAttributes = {
					55C84E581F2F93E2008F2B05 = {
						CreatedOnToolsVersion = 8.3.3;
						ProvisioningStyle = Automatic;
					};
					55C84E711F2F93E2008F2B05 = {
						CreatedOnToolsVersion = 8.3.3;
						ProvisioningStyle = Automatic;
						TestTargetID = 55C84E581F2F93E2008F2B05;
					};
					55C84E7C1F2F93E2008F2B05 = {
						CreatedOnToolsVersion = 8.3.3;
						ProvisioningStyle = Automatic;
						TestTargetID = 55C84E581F2F93E2008F2B05;
					};
				};
			};
			buildConfigurationList = 55C84E541F2F93E2008F2B05 /* Build configuration list for PBXProject "AppCuestionario" */;
			compatibilityVersion = "Xcode 3.2";
			developmentRegion = English;
			hasScannedForEncodings = 0;
			knownRegions = (
				en,
				Base,
			);
			mainGroup = 55C84E501F2F93E2008F2B05;
			productRefGroup = 55C84E5A1F2F93E2008F2B05 /* Products */;
			projectDirPath = "";
			projectRoot = "";
			targets = (
				55C84E581F2F93E2008F2B05 /* AppCuestionario */,
				55C84E711F2F93E2008F2B05 /* AppCuestionarioTests */,
				55C84E7C1F2F93E2008F2B05 /* AppCuestionarioUITests */,
			);
		};
/* End PBXProject section */

/* Begin PBXResourcesBuildPhase section */
		55C84E571F2F93E2008F2B05 /* Resources */ = {
			isa = PBXResourcesBuildPhase;
			buildActionMask = 2147483647;
			files = (
				55C84E6C1F2F93E2008F2B05 /* LaunchScreen.storyboard in Resources */,
				55C84E691F2F93E2008F2B05 /* Assets.xcassets in Resources */,
				55C84E671F2F93E2008F2B05 /* Main.storyboard in Resources */,
			);
			runOnlyForDeploymentPostprocessing = 0;
		};
		55C84E701F2F93E2008F2B05 /* Resources */ = {
			isa = PBXResourcesBuildPhase;
			buildActionMask = 2147483647;
			files = (
			);
			runOnlyForDeploymentPostprocessing = 0;
		};
		55C84E7B1F2F93E2008F2B05 /* Resources */ = {
			isa = PBXResourcesBuildPhase;
			buildActionMask = 2147483647;
			files = (
			);
			runOnlyForDeploymentPostprocessing = 0;
		};
/* End PBXResourcesBuildPhase section */

/* Begin PBXSourcesBuildPhase section */
		55C84E551F2F93E2008F2B05 /* Sources */ = {
			isa = PBXSourcesBuildPhase;
			buildActionMask = 2147483647;
			files = (
				55C84E641F2F93E2008F2B05 /* ViewController.m in Sources */,
				55C84E611F2F93E2008F2B05 /* AppDelegate.m in Sources */,
				55C84E5E1F2F93E2008F2B05 /* main.m in Sources */,
			);
			runOnlyForDeploymentPostprocessing = 0;
		};
		55C84E6E1F2F93E2008F2B05 /* Sources */ = {
			isa = PBXSourcesBuildPhase;
			buildActionMask = 2147483647;
			files = (
				55C84E771F2F93E2008F2B05 /* AppCuestionarioTests.m in Sources */,
			);
			runOnlyForDeploymentPostprocessing = 0;
		};
		55C84E791F2F93E2008F2B05 /* Sources */ = {
			isa = PBXSourcesBuildPhase;
			buildActionMask = 2147483647;
			files = (
				55C84E821F2F93E2008F2B05 /* AppCuestionarioUITests.m in Sources */,
			);
			runOnlyForDeploymentPostprocessing = 0;
		};
/* End PBXSourcesBuildPhase section */

/* Begin PBXTargetDependency section */
		55C84E741F2F93E2008F2B05 /* PBXTargetDependency */ = {
			isa = PBXTargetDependency;
			target = 55C84E581F2F93E2008F2B05 /* AppCuestionario */;
			targetProxy = 55C84E731F2F93E2008F2B05 /* PBXContainerItemProxy */;
		};
		55C84E7F1F2F93E2008F2B05 /* PBXTargetDependency */ = {
			isa = PBXTargetDependency;
			target = 55C84E581F2F93E2008F2B05 /* AppCuestionario */;
			targetProxy = 55C84E7E1F2F93E2008F2B05 /* PBXContainerItemProxy */;
		};
/* End PBXTargetDependency section */

/* Begin PBXVariantGroup section */
		55C84E651F2F93E2008F2B05 /* Main.storyboard */ = {
			isa = PBXVariantGroup;
			children = (
				55C84E661F2F93E2008F2B05 /* Base */,
			);
			name = Main.storyboard;
			sourceTree = "<group>";
		};
		55C84E6A1F2F93E2008F2B05 /* LaunchScreen.storyboard */ = {
			isa = PBXVariantGroup;
			children = (
				55C84E6B1F2F93E2008F2B05 /* Base */,
			);
			name = LaunchScreen.storyboard;
			sourceTree = "<group>";
		};
/* End PBXVariantGroup section */

/* Begin XCBuildConfiguration section */
		55C84E841F2F93E2008F2B05 /* Debug */ = {
			isa = XCBuildConfiguration;
			buildSettings = {
				ALWAYS_SEARCH_USER_PATHS = NO;
				CLANG_ANALYZER_NONNULL = YES;
				CLANG_ANALYZER_NUMBER_OBJECT_CONVERSION = YES_AGGRESSIVE;
				CLANG_CXX_LANGUAGE_STANDARD = "gnu++0x";
				CLANG_CXX_LIBRARY = "libc++";
				CLANG_ENABLE_MODULES = YES;
				CLANG_ENABLE_OBJC_ARC = YES;
				CLANG_WARN_BOOL_CONVERSION = YES;
				CLANG_WARN_CONSTANT_CONVERSION = YES;
				CLANG_WARN_DIRECT_OBJC_ISA_USAGE = YES_ERROR;
				CLANG_WARN_DOCUMENTATION_COMMENTS = YES;
				CLANG_WARN_EMPTY_BODY = YES;
				CLANG_WARN_ENUM_CONVERSION = YES;
				CLANG_WARN_INFINITE_RECURSION = YES;
				CLANG_WARN_INT_CONVERSION = YES;
				CLANG_WARN_OBJC_ROOT_CLASS = YES_ERROR;
				CLANG_WARN_SUSPICIOUS_MOVE = YES;
				CLANG_WARN_UNREACHABLE_CODE = YES;
				CLANG_WARN__DUPLICATE_METHOD_MATCH = YES;
				"CODE_SIGN_IDENTITY[sdk=iphoneos*]" = "iPhone Developer";
				COPY_PHASE_STRIP = NO;
				DEBUG_INFORMATION_FORMAT = dwarf;
				ENABLE_STRICT_OBJC_MSGSEND = YES;
				ENABLE_TESTABILITY = YES;
				GCC_C_LANGUAGE_STANDARD = gnu99;
				GCC_DYNAMIC_NO_PIC = NO;
				GCC_NO_COMMON_BLOCKS = YES;
				GCC_OPTIMIZATION_LEVEL = 0;
				GCC_PREPROCESSOR_DEFINITIONS = (
					"DEBUG=1",
					"$(inherited)",
				);
				GCC_WARN_64_TO_32_BIT_CONVERSION = YES;
				GCC_WARN_ABOUT_RETURN_TYPE = YES_ERROR;
				GCC_WARN_UNDECLARED_SELECTOR = YES;
				GCC_WARN_UNINITIALIZED_AUTOS = YES_AGGRESSIVE;
				GCC_WARN_UNUSED_FUNCTION = YES;
				GCC_WARN_UNUSED_VARIABLE = YES;
				IPHONEOS_DEPLOYMENT_TARGET = 10.3;
				MTL_ENABLE_DEBUG_INFO = YES;
				ONLY_ACTIVE_ARCH = YES;
				SDKROOT = iphoneos;
				TARGETED_DEVICE_FAMILY = "1,2";
			};
			name = Debug;
		};
		55C84E851F2F93E2008F2B05 /* Release */ = {
			isa = XCBuildConfiguration;
			buildSettings = {
				ALWAYS_SEARCH_USER_PATHS = NO;
				CLANG_ANALYZER_NONNULL = YES;
				CLANG_ANALYZER_NUMBER_OBJECT_CONVERSION = YES_AGGRESSIVE;
				CLANG_CXX_LANGUAGE_STANDARD = "gnu++0x";
				CLANG_CXX_LIBRARY = "libc++";
				CLANG_ENABLE_MODULES = YES;
				CLANG_ENABLE_OBJC_ARC = YES;
				CLANG_WARN_BOOL_CONVERSION = YES;
				CLANG_WARN_CONSTANT_CONVERSION = YES;
				CLANG_WARN_DIRECT_OBJC_ISA_USAGE = YES_ERROR;
				CLANG_WARN_DOCUMENTATION_COMMENTS = YES;
				CLANG_WARN_EMPTY_BODY = YES;
				CLANG_WARN_ENUM_CONVERSION = YES;
				CLANG_WARN_INFINITE_RECURSION = YES;
				CLANG_WARN_INT_CONVERSION = YES;
				CLANG_WARN_OBJC_ROOT_CLASS = YES_ERROR;
				CLANG_WARN_SUSPICIOUS_MOVE = YES;
				CLANG_WARN_UNREACHABLE_CODE = YES;
				CLANG_WARN__DUPLICATE_METHOD_MATCH = YES;
				"CODE_SIGN_IDENTITY[sdk=iphoneos*]" = "iPhone Developer";
				COPY_PHASE_STRIP = NO;
				DEBUG_INFORMATION_FORMAT = "dwarf-with-dsym";
				ENABLE_NS_ASSERTIONS = NO;
				ENABLE_STRICT_OBJC_MSGSEND = YES;
				GCC_C_LANGUAGE_STANDARD = gnu99;
				GCC_NO_COMMON_BLOCKS = YES;
				GCC_WARN_64_TO_32_BIT_CONVERSION = YES;
				GCC_WARN_ABOUT_RETURN_TYPE = YES_ERROR;
				GCC_WARN_UNDECLARED_SELECTOR = YES;
				GCC_WARN_UNINITIALIZED_AUTOS = YES_AGGRESSIVE;
				GCC_WARN_UNUSED_FUNCTION = YES;
				GCC_WARN_UNUSED_VARIABLE = YES;
				IPHONEOS_DEPLOYMENT_TARGET = 10.3;
				MTL_ENABLE_DEBUG_INFO = NO;
				SDKROOT = iphoneos;
				TARGETED_DEVICE_FAMILY = "1,2";
				VALIDATE_PRODUCT = YES;
			};
			name = Release;
		};
		55C84E871F2F93E2008F2B05 /* Debug */ = {
			isa = XCBuildConfiguration;
			buildSettings = {
				ASSETCATALOG_COMPILER_APPICON_NAME = AppIcon;
				INFOPLIST_FILE = AppCuestionario/Info.plist;
				LD_RUNPATH_SEARCH_PATHS = "$(inherited) @executable_path/Frameworks";
				PRODUCT_BUNDLE_IDENTIFIER = com.marcosjrs.AppCuestionario;
				PRODUCT_NAME = "$(TARGET_NAME)";
			};
			name = Debug;
		};
		55C84E881F2F93E2008F2B05 /* Release */ = {
			isa = XCBuildConfiguration;
			buildSettings = {
				ASSETCATALOG_COMPILER_APPICON_NAME = AppIcon;
				INFOPLIST_FILE = AppCuestionario/Info.plist;
				LD_RUNPATH_SEARCH_PATHS = "$(inherited) @executable_path/Frameworks";
				PRODUCT_BUNDLE_IDENTIFIER = com.marcosjrs.AppCuestionario;
				PRODUCT_NAME = "$(TARGET_NAME)";
			};
			name = Release;
		};
		55C84E8A1F2F93E2008F2B05 /* Debug */ = {
			isa = XCBuildConfiguration;
			buildSettings = {
				BUNDLE_LOADER = "$(TEST_HOST)";
				INFOPLIST_FILE = AppCuestionarioTests/Info.plist;
				LD_RUNPATH_SEARCH_PATHS = "$(inherited) @executable_path/Frameworks @loader_path/Frameworks";
				PRODUCT_BUNDLE_IDENTIFIER = com.marcosjrs.AppCuestionarioTests;
				PRODUCT_NAME = "$(TARGET_NAME)";
				TEST_HOST = "$(BUILT_PRODUCTS_DIR)/AppCuestionario.app/AppCuestionario";
			};
			name = Debug;
		};
		55C84E8B1F2F93E2008F2B05 /* Release */ = {
			isa = XCBuildConfiguration;
			buildSettings = {
				BUNDLE_LOADER = "$(TEST_HOST)";
				INFOPLIST_FILE = AppCuestionarioTests/Info.plist;
				LD_RUNPATH_SEARCH_PATHS = "$(inherited) @executable_path/Frameworks @loader_path/Frameworks";
				PRODUCT_BUNDLE_IDENTIFIER = com.marcosjrs.AppCuestionarioTests;
				PRODUCT_NAME = "$(TARGET_NAME)";
				TEST_HOST = "$(BUILT_PRODUCTS_DIR)/AppCuestionario.app/AppCuestionario";
			};
			name = Release;
		};
		55C84E8D1F2F93E2008F2B05 /* Debug */ = {
			isa = XCBuildConfiguration;
			buildSettings = {
				INFOPLIST_FILE = AppCuestionarioUITests/Info.plist;
				LD_RUNPATH_SEARCH_PATHS = "$(inherited) @executable_path/Frameworks @loader_path/Frameworks";
				PRODUCT_BUNDLE_IDENTIFIER = com.marcosjrs.AppCuestionarioUITests;
				PRODUCT_NAME = "$(TARGET_NAME)";
				TEST_TARGET_NAME = AppCuestionario;
			};
			name = Debug;
		};
		55C84E8E1F2F93E2008F2B05 /* Release */ = {
			isa = XCBuildConfiguration;
			buildSettings = {
				INFOPLIST_FILE = AppCuestionarioUITests/Info.plist;
				LD_RUNPATH_SEARCH_PATHS = "$(inherited) @executable_path/Frameworks @loader_path/Frameworks";
				PRODUCT_BUNDLE_IDENTIFIER = com.marcosjrs.AppCuestionarioUITests;
				PRODUCT_NAME = "$(TARGET_NAME)";
				TEST_TARGET_NAME = AppCuestionario;
			};
			name = Release;
		};
/* End XCBuildConfiguration section */

/* Begin XCConfigurationList section */
		55C84E541F2F93E2008F2B05 /* Build configuration list for PBXProject "AppCuestionario" */ = {
			isa = XCConfigurationList;
			buildConfigurations = (
				55C84E841F2F93E2008F2B05 /* Debug */,
				55C84E851F2F93E2008F2B05 /* Release */,
			);
			defaultConfigurationIsVisible = 0;
			defaultConfigurationName = Release;
		};
		55C84E861F2F93E2008F2B05 /* Build configuration list for PBXNativeTarget "AppCuestionario" */ = {
			isa = XCConfigurationList;
			buildConfigurations = (
				55C84E871F2F93E2008F2B05 /* Debug */,
				55C84E881F2F93E2008F2B05 /* Release */,
			);
			defaultConfigurationIsVisible = 0;
		};
		55C84E891F2F93E2008F2B05 /* Build configuration list for PBXNativeTarget "AppCuestionarioTests" */ = {
			isa = XCConfigurationList;
			buildConfigurations = (
				55C84E8A1F2F93E2008F2B05 /* Debug */,
				55C84E8B1F2F93E2008F2B05 /* Release */,
			);
			defaultConfigurationIsVisible = 0;
		};
		55C84E8C1F2F93E2008F2B05 /* Build configuration list for PBXNativeTarget "AppCuestionarioUITests" */ = {
			isa = XCConfigurationList;
			buildConfigurations = (
				55C84E8D1F2F93E2008F2B05 /* Debug */,
				55C84E8E1F2F93E2008F2B05 /* Release */,
			);
			defaultConfigurationIsVisible = 0;
		};
/* End XCConfigurationList section */
	};
	rootObject = 55C84E511F2F93E2008F2B05 /* Project object */;
}
